
Microsoft Visual Studio Solution File, Format Version 12.00
# Visual Studio Version 17
VisualStudioVersion = 17.14.37012.4 d17.14
MinimumVisualStudioVersion = 10.0.40219.1
Project("{FAE04EC0-301F-11D3-BF4B-00C04F79EFBC}") = "ConsoleApp6", "ConsoleApp6.csproj", "{3BAF8129-E6A2-45EA-9BD6-9D821446C243}"
EndProject
Global
	GlobalSection(SolutionConfigurationPlatforms) = preSolution
		Debug|Any CPU = Debug|Any CPU
		Release|Any CPU = Release|Any CPU
	EndGlobalSection
	GlobalSection(ProjectConfigurationPlatforms) = postSolution
		{3BAF8129-E6A2-45EA-9BD6-9D821446C243}.Debug|Any CPU.ActiveCfg = Debug|Any CPU
		{3BAF8129-E6A2-45EA-9BD6-9D821446C243}.Debug|Any CPU.Build.0 = Debug|Any CPU
		{3BAF8129-E6A2-45EA-9BD6-9D821446C243}.Release|Any CPU.ActiveCfg = Release|Any CPU
		{3BAF8129-E6A2-45EA-9BD6-9D821446C243}.Release|Any CPU.Build.0 = Release|Any CPU
	EndGlobalSection
	GlobalSection(SolutionProperties) = preSolution
		HideSolutionNode = FALSE
	EndGlobalSection
	GlobalSection(ExtensibilityGlobals) = postSolution
		SolutionGuid = {7B202B9D-6052-45CA-83B1-503A14EE7230}
	EndGlobalSection
EndGlobal
